
Microsoft Visual Studio Solution File, Format Version 12.00
# Visual Studio 2012
Project("{FAE04EC0-301F-11D3-BF4B-00C04F79EFBC}") = "Server", "Server\Server.csproj", "{3E1E008D-58AA-43FE-B8C8-0EE445F8C41A}"
EndProject
Project("{FAE04EC0-301F-11D3-BF4B-00C04F79EFBC}") = "Client", "Client\Client.csproj", "{970BF600-3BA6-4F86-8E75-ED74B8AFE27C}"
EndProject
Global
	GlobalSection(SolutionConfigurationPlatforms) = preSolution
		Debug|x86 = Debug|x86
		Release|x86 = Release|x86
	EndGlobalSection
	GlobalSection(ProjectConfigurationPlatforms) = postSolution
		{3E1E008D-58AA-43FE-B8C8-0EE445F8C41A}.Debug|x86.ActiveCfg = Debug|x86
		{3E1E008D-58AA-43FE-B8C8-0EE445F8C41A}.Debug|x86.Build.0 = Debug|x86
		{3E1E008D-58AA-43FE-B8C8-0EE445F8C41A}.Release|x86.ActiveCfg = Release|x86
		{3E1E008D-58AA-43FE-B8C8-0EE445F8C41A}.Release|x86.Build.0 = Release|x86
		{970BF600-3BA6-4F86-8E75-ED74B8AFE27C}.Debug|x86.ActiveCfg = Debug|x86
		{970BF600-3BA6-4F86-8E75-ED74B8AFE27C}.Debug|x86.Build.0 = Debug|x86
		{970BF600-3BA6-4F86-8E75-ED74B8AFE27C}.Release|x86.ActiveCfg = Release|x86
		{970BF600-3BA6-4F86-8E75-ED74B8AFE27C}.Release|x86.Build.0 = Release|x86
	EndGlobalSection
EndGlobal
