
Microsoft Visual Studio Solution File, Format Version 12.00
# Visual Studio 2012
Project("{FAE04EC0-301F-11D3-BF4B-00C04F79EFBC}") = "TryNewXib", "TryNewXib\TryNewXib.csproj", "{4ABE7128-068D-4883-9A43-B539F2F7D3F8}"
EndProject
Global
	GlobalSection(SolutionConfigurationPlatforms) = preSolution
		Debug|iPhoneSimulator = Debug|iPhoneSimulator
		Release|iPhoneSimulator = Release|iPhoneSimulator
		Debug|iPhone = Debug|iPhone
		Release|iPhone = Release|iPhone
		Ad-Hoc|iPhone = Ad-Hoc|iPhone
		AppStore|iPhone = AppStore|iPhone
	EndGlobalSection
	GlobalSection(ProjectConfigurationPlatforms) = postSolution
		{4ABE7128-068D-4883-9A43-B539F2F7D3F8}.Ad-Hoc|iPhone.ActiveCfg = Ad-Hoc|iPhone
		{4ABE7128-068D-4883-9A43-B539F2F7D3F8}.Ad-Hoc|iPhone.Build.0 = Ad-Hoc|iPhone
		{4ABE7128-068D-4883-9A43-B539F2F7D3F8}.AppStore|iPhone.ActiveCfg = AppStore|iPhone
		{4ABE7128-068D-4883-9A43-B539F2F7D3F8}.AppStore|iPhone.Build.0 = AppStore|iPhone
		{4ABE7128-068D-4883-9A43-B539F2F7D3F8}.Debug|iPhone.ActiveCfg = Debug|iPhone
		{4ABE7128-068D-4883-9A43-B539F2F7D3F8}.Debug|iPhone.Build.0 = Debug|iPhone
		{4ABE7128-068D-4883-9A43-B539F2F7D3F8}.Debug|iPhoneSimulator.ActiveCfg = Debug|iPhoneSimulator
		{4ABE7128-068D-4883-9A43-B539F2F7D3F8}.Debug|iPhoneSimulator.Build.0 = Debug|iPhoneSimulator
		{4ABE7128-068D-4883-9A43-B539F2F7D3F8}.Release|iPhone.ActiveCfg = Release|iPhone
		{4ABE7128-068D-4883-9A43-B539F2F7D3F8}.Release|iPhone.Build.0 = Release|iPhone
		{4ABE7128-068D-4883-9A43-B539F2F7D3F8}.Release|iPhoneSimulator.ActiveCfg = Release|iPhoneSimulator
		{4ABE7128-068D-4883-9A43-B539F2F7D3F8}.Release|iPhoneSimulator.Build.0 = Release|iPhoneSimulator
	EndGlobalSection
	GlobalSection(MonoDevelopProperties) = preSolution
		StartupItem = TryNewXib\TryNewXib.csproj
	EndGlobalSection
EndGlobal
