
Microsoft Visual Studio Solution File, Format Version 11.00
# Visual Studio 2010
Project("{2150E333-8FDC-42A3-9474-1A3956D46DE8}") = "src", "src", "{E34DCC85-6B15-48CF-A707-210D80562355}"
EndProject
Project("{2150E333-8FDC-42A3-9474-1A3956D46DE8}") = "monotouch", "monotouch", "{ED3AD0E4-B9C8-4E43-B27B-6858D61F6042}"
EndProject
Project("{FAE04EC0-301F-11D3-BF4B-00C04F79EFBC}") = "StoryboardDemo", "src\monotouch\StoryboardDemo\StoryboardDemo.csproj", "{87A2DAB2-A720-44C9-88CC-0F79881E37B9}"
EndProject
Project("{FAE04EC0-301F-11D3-BF4B-00C04F79EFBC}") = "UIAnimStudy", "src\monotouch\UIAnimStudy\UIAnimStudy.csproj", "{CD3D9466-A29A-4D10-B1FD-8831B7E13170}"
EndProject
Global
	GlobalSection(SolutionConfigurationPlatforms) = preSolution
		Debug|iPhoneSimulator = Debug|iPhoneSimulator
		Release|iPhoneSimulator = Release|iPhoneSimulator
		Debug|iPhone = Debug|iPhone
		Release|iPhone = Release|iPhone
	EndGlobalSection
	GlobalSection(ProjectConfigurationPlatforms) = postSolution
		{87A2DAB2-A720-44C9-88CC-0F79881E37B9}.Debug|iPhone.ActiveCfg = Debug|iPhone
		{87A2DAB2-A720-44C9-88CC-0F79881E37B9}.Debug|iPhone.Build.0 = Debug|iPhone
		{87A2DAB2-A720-44C9-88CC-0F79881E37B9}.Debug|iPhoneSimulator.ActiveCfg = Debug|iPhoneSimulator
		{87A2DAB2-A720-44C9-88CC-0F79881E37B9}.Debug|iPhoneSimulator.Build.0 = Debug|iPhoneSimulator
		{87A2DAB2-A720-44C9-88CC-0F79881E37B9}.Release|iPhone.ActiveCfg = Release|iPhone
		{87A2DAB2-A720-44C9-88CC-0F79881E37B9}.Release|iPhone.Build.0 = Release|iPhone
		{87A2DAB2-A720-44C9-88CC-0F79881E37B9}.Release|iPhoneSimulator.ActiveCfg = Release|iPhoneSimulator
		{87A2DAB2-A720-44C9-88CC-0F79881E37B9}.Release|iPhoneSimulator.Build.0 = Release|iPhoneSimulator
		{CD3D9466-A29A-4D10-B1FD-8831B7E13170}.Debug|iPhone.ActiveCfg = Debug|iPhone
		{CD3D9466-A29A-4D10-B1FD-8831B7E13170}.Debug|iPhone.Build.0 = Debug|iPhone
		{CD3D9466-A29A-4D10-B1FD-8831B7E13170}.Debug|iPhoneSimulator.ActiveCfg = Debug|iPhoneSimulator
		{CD3D9466-A29A-4D10-B1FD-8831B7E13170}.Debug|iPhoneSimulator.Build.0 = Debug|iPhoneSimulator
		{CD3D9466-A29A-4D10-B1FD-8831B7E13170}.Release|iPhone.ActiveCfg = Release|iPhone
		{CD3D9466-A29A-4D10-B1FD-8831B7E13170}.Release|iPhone.Build.0 = Release|iPhone
		{CD3D9466-A29A-4D10-B1FD-8831B7E13170}.Release|iPhoneSimulator.ActiveCfg = Release|iPhoneSimulator
		{CD3D9466-A29A-4D10-B1FD-8831B7E13170}.Release|iPhoneSimulator.Build.0 = Release|iPhoneSimulator
	EndGlobalSection
	GlobalSection(NestedProjects) = preSolution
		{ED3AD0E4-B9C8-4E43-B27B-6858D61F6042} = {E34DCC85-6B15-48CF-A707-210D80562355}
		{87A2DAB2-A720-44C9-88CC-0F79881E37B9} = {ED3AD0E4-B9C8-4E43-B27B-6858D61F6042}
		{CD3D9466-A29A-4D10-B1FD-8831B7E13170} = {ED3AD0E4-B9C8-4E43-B27B-6858D61F6042}
	EndGlobalSection
	GlobalSection(MonoDevelopProperties) = preSolution
		StartupItem = src\monotouch\StoryboardDemo\StoryboardDemo.csproj
	EndGlobalSection
EndGlobal
