
Microsoft Visual Studio Solution File, Format Version 11.00
# Visual Studio 2010
Project("{FAE04EC0-301F-11D3-BF4B-00C04F79EFBC}") = "AnimationCs", "AnimationCs.csproj", "{75107B05-7BA6-4EBF-99F6-C42806818D15}"
EndProject
Global
	GlobalSection(SolutionConfigurationPlatforms) = preSolution
		Debug|iPhoneSimulator = Debug|iPhoneSimulator
		Release|iPhoneSimulator = Release|iPhoneSimulator
		Debug|iPhone = Debug|iPhone
		Release|iPhone = Release|iPhone
		Ad-Hoc|iPhone = Ad-Hoc|iPhone
		AppStore|iPhone = AppStore|iPhone
	EndGlobalSection
	GlobalSection(ProjectConfigurationPlatforms) = postSolution
		{75107B05-7BA6-4EBF-99F6-C42806818D15}.Ad-Hoc|iPhone.ActiveCfg = Ad-Hoc|iPhone
		{75107B05-7BA6-4EBF-99F6-C42806818D15}.Ad-Hoc|iPhone.Build.0 = Ad-Hoc|iPhone
		{75107B05-7BA6-4EBF-99F6-C42806818D15}.AppStore|iPhone.ActiveCfg = AppStore|iPhone
		{75107B05-7BA6-4EBF-99F6-C42806818D15}.AppStore|iPhone.Build.0 = AppStore|iPhone
		{75107B05-7BA6-4EBF-99F6-C42806818D15}.Debug|iPhone.ActiveCfg = Debug|iPhone
		{75107B05-7BA6-4EBF-99F6-C42806818D15}.Debug|iPhone.Build.0 = Debug|iPhone
		{75107B05-7BA6-4EBF-99F6-C42806818D15}.Debug|iPhoneSimulator.ActiveCfg = Debug|iPhoneSimulator
		{75107B05-7BA6-4EBF-99F6-C42806818D15}.Debug|iPhoneSimulator.Build.0 = Debug|iPhoneSimulator
		{75107B05-7BA6-4EBF-99F6-C42806818D15}.Release|iPhone.ActiveCfg = Release|iPhone
		{75107B05-7BA6-4EBF-99F6-C42806818D15}.Release|iPhone.Build.0 = Release|iPhone
		{75107B05-7BA6-4EBF-99F6-C42806818D15}.Release|iPhoneSimulator.ActiveCfg = Release|iPhoneSimulator
		{75107B05-7BA6-4EBF-99F6-C42806818D15}.Release|iPhoneSimulator.Build.0 = Release|iPhoneSimulator
	EndGlobalSection
	GlobalSection(MonoDevelopProperties) = preSolution
		StartupItem = AnimationCs.csproj
	EndGlobalSection
EndGlobal
