
Microsoft Visual Studio Solution File, Format Version 12.00
# Visual Studio 14
VisualStudioVersion = 14.0.22823.1
MinimumVisualStudioVersion = 10.0.40219.1
Project("{2150E333-8FDC-42A3-9474-1A3956D46DE8}") = "src", "src", "{C002CFF1-0258-459B-82C9-96486AF4E561}"
EndProject
Project("{2150E333-8FDC-42A3-9474-1A3956D46DE8}") = "Solution Items", "Solution Items", "{B6967D44-EF1E-4C35-887F-7BCC4ABC58ED}"
	ProjectSection(SolutionItems) = preProject
		global.json = global.json
	EndProjectSection
EndProject
Project("{8BB2217D-0F2D-49D1-97BC-3654ED321F3B}") = "Website", "src\Website\Website.xproj", "{E7A5D3DC-5CC8-4D2C-A927-C8186181F2B1}"
EndProject
Global
	GlobalSection(SolutionConfigurationPlatforms) = preSolution
		Debug|Any CPU = Debug|Any CPU
		Release|Any CPU = Release|Any CPU
	EndGlobalSection
	GlobalSection(ProjectConfigurationPlatforms) = postSolution
		{E7A5D3DC-5CC8-4D2C-A927-C8186181F2B1}.Debug|Any CPU.ActiveCfg = Debug|Any CPU
		{E7A5D3DC-5CC8-4D2C-A927-C8186181F2B1}.Debug|Any CPU.Build.0 = Debug|Any CPU
		{E7A5D3DC-5CC8-4D2C-A927-C8186181F2B1}.Release|Any CPU.ActiveCfg = Release|Any CPU
		{E7A5D3DC-5CC8-4D2C-A927-C8186181F2B1}.Release|Any CPU.Build.0 = Release|Any CPU
	EndGlobalSection
	GlobalSection(SolutionProperties) = preSolution
		HideSolutionNode = FALSE
	EndGlobalSection
	GlobalSection(NestedProjects) = preSolution
		{E7A5D3DC-5CC8-4D2C-A927-C8186181F2B1} = {C002CFF1-0258-459B-82C9-96486AF4E561}
	EndGlobalSection
EndGlobal
