
Microsoft Visual Studio Solution File, Format Version 11.00
# Visual Studio 2010
Project("{FAE04EC0-301F-11D3-BF4B-00C04F79EFBC}") = "DroidTest", "DroidTest.csproj", "{F8B28D39-24C7-4007-AA1B-1C41CA270E93}"
EndProject
Global
	GlobalSection(SolutionConfigurationPlatforms) = preSolution
		Debug|Any CPU = Debug|Any CPU
		Release|Any CPU = Release|Any CPU
	EndGlobalSection
	GlobalSection(ProjectConfigurationPlatforms) = postSolution
		{F8B28D39-24C7-4007-AA1B-1C41CA270E93}.Debug|Any CPU.ActiveCfg = Debug|Any CPU
		{F8B28D39-24C7-4007-AA1B-1C41CA270E93}.Debug|Any CPU.Build.0 = Debug|Any CPU
		{F8B28D39-24C7-4007-AA1B-1C41CA270E93}.Release|Any CPU.ActiveCfg = Release|Any CPU
		{F8B28D39-24C7-4007-AA1B-1C41CA270E93}.Release|Any CPU.Build.0 = Release|Any CPU
	EndGlobalSection
	GlobalSection(MonoDevelopProperties) = preSolution
		StartupItem = DroidTest.csproj
	EndGlobalSection
EndGlobal
