
Microsoft Visual Studio Solution File, Format Version 12.00
# Visual Studio 2013
VisualStudioVersion = 12.0.30110.0
MinimumVisualStudioVersion = 10.0.40219.1
Project("{8BC9CEB8-8B4A-11D0-8D11-00A0C91BC942}") = "console_app", "console_app\console_app.vcxproj", "{440A25C8-A915-4B34-81F4-FEA54E64553C}"
EndProject
Project("{8BC9CEB8-8B4A-11D0-8D11-00A0C91BC942}") = "win_app", "win_app\win_app.vcxproj", "{65E18DBB-0A08-416F-9D04-61DEADAC02F8}"
EndProject
Project("{8BC9CEB8-8B4A-11D0-8D11-00A0C91BC942}") = "dynamic_array", "dynamic_array\dynamic_array.vcxproj", "{2912540D-AB2E-4B4C-8114-6E23F823092C}"
EndProject
Project("{8BC9CEB8-8B4A-11D0-8D11-00A0C91BC942}") = "http_test", "http_test\http_test.vcxproj", "{57829205-F061-4B54-B79F-A7EC4DD7A2E4}"
EndProject
Global
	GlobalSection(SolutionConfigurationPlatforms) = preSolution
		Debug|Win32 = Debug|Win32
		Release|Win32 = Release|Win32
	EndGlobalSection
	GlobalSection(ProjectConfigurationPlatforms) = postSolution
		{440A25C8-A915-4B34-81F4-FEA54E64553C}.Debug|Win32.ActiveCfg = Debug|Win32
		{440A25C8-A915-4B34-81F4-FEA54E64553C}.Debug|Win32.Build.0 = Debug|Win32
		{440A25C8-A915-4B34-81F4-FEA54E64553C}.Release|Win32.ActiveCfg = Release|Win32
		{440A25C8-A915-4B34-81F4-FEA54E64553C}.Release|Win32.Build.0 = Release|Win32
		{65E18DBB-0A08-416F-9D04-61DEADAC02F8}.Debug|Win32.ActiveCfg = Debug|Win32
		{65E18DBB-0A08-416F-9D04-61DEADAC02F8}.Debug|Win32.Build.0 = Debug|Win32
		{65E18DBB-0A08-416F-9D04-61DEADAC02F8}.Release|Win32.ActiveCfg = Release|Win32
		{65E18DBB-0A08-416F-9D04-61DEADAC02F8}.Release|Win32.Build.0 = Release|Win32
		{2912540D-AB2E-4B4C-8114-6E23F823092C}.Debug|Win32.ActiveCfg = Debug|Win32
		{2912540D-AB2E-4B4C-8114-6E23F823092C}.Debug|Win32.Build.0 = Debug|Win32
		{2912540D-AB2E-4B4C-8114-6E23F823092C}.Release|Win32.ActiveCfg = Release|Win32
		{2912540D-AB2E-4B4C-8114-6E23F823092C}.Release|Win32.Build.0 = Release|Win32
		{57829205-F061-4B54-B79F-A7EC4DD7A2E4}.Debug|Win32.ActiveCfg = Debug|Win32
		{57829205-F061-4B54-B79F-A7EC4DD7A2E4}.Debug|Win32.Build.0 = Debug|Win32
		{57829205-F061-4B54-B79F-A7EC4DD7A2E4}.Release|Win32.ActiveCfg = Release|Win32
		{57829205-F061-4B54-B79F-A7EC4DD7A2E4}.Release|Win32.Build.0 = Release|Win32
	EndGlobalSection
	GlobalSection(SolutionProperties) = preSolution
		HideSolutionNode = FALSE
	EndGlobalSection
EndGlobal
