
Microsoft Visual Studio Solution File, Format Version 11.00
# Visual Studio 2010
Project("{FAE04EC0-301F-11D3-BF4B-00C04F79EFBC}") = "HttpDownloader", "HttpDownloader.csproj", "{D231194B-CBF1-46FF-8232-B8B8C69F8949}"
EndProject
Global
	GlobalSection(SolutionConfigurationPlatforms) = preSolution
		Debug|Any CPU = Debug|Any CPU
		Release|Any CPU = Release|Any CPU
	EndGlobalSection
	GlobalSection(ProjectConfigurationPlatforms) = postSolution
		{D231194B-CBF1-46FF-8232-B8B8C69F8949}.Debug|Any CPU.ActiveCfg = Debug|Any CPU
		{D231194B-CBF1-46FF-8232-B8B8C69F8949}.Debug|Any CPU.Build.0 = Debug|Any CPU
		{D231194B-CBF1-46FF-8232-B8B8C69F8949}.Release|Any CPU.ActiveCfg = Release|Any CPU
		{D231194B-CBF1-46FF-8232-B8B8C69F8949}.Release|Any CPU.Build.0 = Release|Any CPU
	EndGlobalSection
	GlobalSection(SolutionProperties) = preSolution
		HideSolutionNode = FALSE
	EndGlobalSection
EndGlobal
