
Microsoft Visual Studio Solution File, Format Version 11.00
# Visual Studio 2010
Project("{FAE04EC0-301F-11D3-BF4B-00C04F79EFBC}") = "TouchTest", "TouchTest\TouchTest.csproj", "{3EAC30C8-DC23-4A85-B8A9-A9656E021C3D}"
EndProject
Project("{FAE04EC0-301F-11D3-BF4B-00C04F79EFBC}") = "DroidTest", "DroidTest\DroidTest.csproj", "{F8B28D39-24C7-4007-AA1B-1C41CA270E93}"
EndProject
Global
	GlobalSection(SolutionConfigurationPlatforms) = preSolution
		Debug|iPhoneSimulator = Debug|iPhoneSimulator
		Release|iPhoneSimulator = Release|iPhoneSimulator
		Debug|iPhone = Debug|iPhone
		Release|iPhone = Release|iPhone
		Ad-Hoc|iPhone = Ad-Hoc|iPhone
		AppStore|iPhone = AppStore|iPhone
	EndGlobalSection
	GlobalSection(ProjectConfigurationPlatforms) = postSolution
		{3EAC30C8-DC23-4A85-B8A9-A9656E021C3D}.Ad-Hoc|iPhone.ActiveCfg = Ad-Hoc|iPhone
		{3EAC30C8-DC23-4A85-B8A9-A9656E021C3D}.Ad-Hoc|iPhone.Build.0 = Ad-Hoc|iPhone
		{3EAC30C8-DC23-4A85-B8A9-A9656E021C3D}.AppStore|iPhone.ActiveCfg = AppStore|iPhone
		{3EAC30C8-DC23-4A85-B8A9-A9656E021C3D}.AppStore|iPhone.Build.0 = AppStore|iPhone
		{3EAC30C8-DC23-4A85-B8A9-A9656E021C3D}.Debug|iPhone.ActiveCfg = Debug|iPhone
		{3EAC30C8-DC23-4A85-B8A9-A9656E021C3D}.Debug|iPhone.Build.0 = Debug|iPhone
		{3EAC30C8-DC23-4A85-B8A9-A9656E021C3D}.Debug|iPhoneSimulator.ActiveCfg = Debug|iPhoneSimulator
		{3EAC30C8-DC23-4A85-B8A9-A9656E021C3D}.Debug|iPhoneSimulator.Build.0 = Debug|iPhoneSimulator
		{3EAC30C8-DC23-4A85-B8A9-A9656E021C3D}.Release|iPhone.ActiveCfg = Release|iPhone
		{3EAC30C8-DC23-4A85-B8A9-A9656E021C3D}.Release|iPhone.Build.0 = Release|iPhone
		{3EAC30C8-DC23-4A85-B8A9-A9656E021C3D}.Release|iPhoneSimulator.ActiveCfg = Release|iPhoneSimulator
		{3EAC30C8-DC23-4A85-B8A9-A9656E021C3D}.Release|iPhoneSimulator.Build.0 = Release|iPhoneSimulator
		{F8B28D39-24C7-4007-AA1B-1C41CA270E93}.Ad-Hoc|iPhone.ActiveCfg = Debug|Any CPU
		{F8B28D39-24C7-4007-AA1B-1C41CA270E93}.Ad-Hoc|iPhone.Build.0 = Debug|Any CPU
		{F8B28D39-24C7-4007-AA1B-1C41CA270E93}.AppStore|iPhone.ActiveCfg = Debug|Any CPU
		{F8B28D39-24C7-4007-AA1B-1C41CA270E93}.AppStore|iPhone.Build.0 = Debug|Any CPU
		{F8B28D39-24C7-4007-AA1B-1C41CA270E93}.Debug|iPhone.ActiveCfg = Debug|Any CPU
		{F8B28D39-24C7-4007-AA1B-1C41CA270E93}.Debug|iPhone.Build.0 = Debug|Any CPU
		{F8B28D39-24C7-4007-AA1B-1C41CA270E93}.Debug|iPhoneSimulator.ActiveCfg = Debug|Any CPU
		{F8B28D39-24C7-4007-AA1B-1C41CA270E93}.Debug|iPhoneSimulator.Build.0 = Debug|Any CPU
		{F8B28D39-24C7-4007-AA1B-1C41CA270E93}.Release|iPhone.ActiveCfg = Release|Any CPU
		{F8B28D39-24C7-4007-AA1B-1C41CA270E93}.Release|iPhone.Build.0 = Release|Any CPU
		{F8B28D39-24C7-4007-AA1B-1C41CA270E93}.Release|iPhoneSimulator.ActiveCfg = Release|Any CPU
		{F8B28D39-24C7-4007-AA1B-1C41CA270E93}.Release|iPhoneSimulator.Build.0 = Release|Any CPU
	EndGlobalSection
	GlobalSection(MonoDevelopProperties) = preSolution
		StartupItem = TouchTest\TouchTest.csproj
	EndGlobalSection
EndGlobal
