
Microsoft Visual Studio Solution File, Format Version 12.00
# Visual Studio 2012
Project("{FAE04EC0-301F-11D3-BF4B-00C04F79EFBC}") = "MvcWebForm", "MvcWebForm\MvcWebForm.csproj", "{DC2722BD-6625-45B4-9241-4632024571FD}"
EndProject
Project("{FAE04EC0-301F-11D3-BF4B-00C04F79EFBC}") = "MvcRazor", "MvcRazor\MvcRazor.csproj", "{A615F704-8B80-4DE6-8C66-5A9E55F32482}"
EndProject
Project("{FAE04EC0-301F-11D3-BF4B-00C04F79EFBC}") = "WebAppNet45", "WebAppNet45\WebAppNet45.csproj", "{E57E748F-49EF-4108-B6BC-FB4B8202D061}"
EndProject
Project("{FAE04EC0-301F-11D3-BF4B-00C04F79EFBC}") = "MvcRazorMobile", "MvcRazorMobile\MvcRazorMobile.csproj", "{835D37FA-03F6-4912-9373-6353F19BD0D7}"
EndProject
Project("{E24C65DC-7377-472B-9ABA-BC803B73C61A}") = "WebsiteRazor", "http://localhost:1583", "{5C26ED2F-41D6-4AA5-91FD-5968FA61DAFE}"
	ProjectSection(WebsiteProperties) = preProject
		Debug.AspNetCompiler.Debug = "True"
		Debug.AspNetCompiler.FixedNames = "false"
		Debug.AspNetCompiler.ForceOverwrite = "true"
		Debug.AspNetCompiler.PhysicalPath = "WebsiteRazor\"
		Debug.AspNetCompiler.TargetPath = "PrecompiledWeb\localhost_1583\"
		Debug.AspNetCompiler.Updateable = "true"
		Debug.AspNetCompiler.VirtualPath = "/localhost_1583"
		DefaultWebSiteLanguage = "Visual C#"
		Release.AspNetCompiler.Debug = "False"
		Release.AspNetCompiler.FixedNames = "false"
		Release.AspNetCompiler.ForceOverwrite = "true"
		Release.AspNetCompiler.PhysicalPath = "WebsiteRazor\"
		Release.AspNetCompiler.TargetPath = "PrecompiledWeb\localhost_1583\"
		Release.AspNetCompiler.Updateable = "true"
		Release.AspNetCompiler.VirtualPath = "/localhost_1583"
		SlnRelativePath = "WebsiteRazor\"
		TargetFrameworkMoniker = ".NETFramework,Version%3Dv4.5"
		UseIISExpress = "true"
	EndProjectSection
	ProjectSection(WebsiteProperties) = preProject
		Debug.AspNetCompiler.Debug = "True"
		Debug.AspNetCompiler.FixedNames = "false"
		Debug.AspNetCompiler.ForceOverwrite = "true"
		Debug.AspNetCompiler.PhysicalPath = "WebsiteRazor\"
		Debug.AspNetCompiler.TargetPath = "PrecompiledWeb\localhost_1583\"
		Debug.AspNetCompiler.Updateable = "true"
		Debug.AspNetCompiler.VirtualPath = "/localhost_1583"
		DefaultWebSiteLanguage = "Visual C#"
		Release.AspNetCompiler.Debug = "False"
		Release.AspNetCompiler.FixedNames = "false"
		Release.AspNetCompiler.ForceOverwrite = "true"
		Release.AspNetCompiler.PhysicalPath = "WebsiteRazor\"
		Release.AspNetCompiler.TargetPath = "PrecompiledWeb\localhost_1583\"
		Release.AspNetCompiler.Updateable = "true"
		Release.AspNetCompiler.VirtualPath = "/localhost_1583"
		SlnRelativePath = "WebsiteRazor\"
		TargetFrameworkMoniker = ".NETFramework,Version%3Dv4.5"
		UseIISExpress = "true"
	EndProjectSection
EndProject
Project("{FAE04EC0-301F-11D3-BF4B-00C04F79EFBC}") = "MvcWebApi", "MvcWebApi\MvcWebApi.csproj", "{D2CBBCF1-8E17-4F7A-9546-B733F83BBE22}"
EndProject
Global
	GlobalSection(SolutionConfigurationPlatforms) = preSolution
		Debug|Any CPU = Debug|Any CPU
		Release|Any CPU = Release|Any CPU
	EndGlobalSection
	GlobalSection(ProjectConfigurationPlatforms) = postSolution
		{5C26ED2F-41D6-4AA5-91FD-5968FA61DAFE}.Debug|Any CPU.ActiveCfg = Debug|Any CPU
		{5C26ED2F-41D6-4AA5-91FD-5968FA61DAFE}.Debug|Any CPU.Build.0 = Debug|Any CPU
		{5C26ED2F-41D6-4AA5-91FD-5968FA61DAFE}.Release|Any CPU.ActiveCfg = Debug|Any CPU
		{5C26ED2F-41D6-4AA5-91FD-5968FA61DAFE}.Release|Any CPU.Build.0 = Debug|Any CPU
		{835D37FA-03F6-4912-9373-6353F19BD0D7}.Debug|Any CPU.ActiveCfg = Debug|Any CPU
		{835D37FA-03F6-4912-9373-6353F19BD0D7}.Debug|Any CPU.Build.0 = Debug|Any CPU
		{835D37FA-03F6-4912-9373-6353F19BD0D7}.Release|Any CPU.ActiveCfg = Release|Any CPU
		{835D37FA-03F6-4912-9373-6353F19BD0D7}.Release|Any CPU.Build.0 = Release|Any CPU
		{A615F704-8B80-4DE6-8C66-5A9E55F32482}.Debug|Any CPU.ActiveCfg = Debug|Any CPU
		{A615F704-8B80-4DE6-8C66-5A9E55F32482}.Debug|Any CPU.Build.0 = Debug|Any CPU
		{A615F704-8B80-4DE6-8C66-5A9E55F32482}.Release|Any CPU.ActiveCfg = Release|Any CPU
		{A615F704-8B80-4DE6-8C66-5A9E55F32482}.Release|Any CPU.Build.0 = Release|Any CPU
		{D2CBBCF1-8E17-4F7A-9546-B733F83BBE22}.Debug|Any CPU.ActiveCfg = Debug|Any CPU
		{D2CBBCF1-8E17-4F7A-9546-B733F83BBE22}.Debug|Any CPU.Build.0 = Debug|Any CPU
		{D2CBBCF1-8E17-4F7A-9546-B733F83BBE22}.Release|Any CPU.ActiveCfg = Release|Any CPU
		{D2CBBCF1-8E17-4F7A-9546-B733F83BBE22}.Release|Any CPU.Build.0 = Release|Any CPU
		{DC2722BD-6625-45B4-9241-4632024571FD}.Debug|Any CPU.ActiveCfg = Debug|Any CPU
		{DC2722BD-6625-45B4-9241-4632024571FD}.Debug|Any CPU.Build.0 = Debug|Any CPU
		{DC2722BD-6625-45B4-9241-4632024571FD}.Release|Any CPU.ActiveCfg = Release|Any CPU
		{DC2722BD-6625-45B4-9241-4632024571FD}.Release|Any CPU.Build.0 = Release|Any CPU
		{E57E748F-49EF-4108-B6BC-FB4B8202D061}.Debug|Any CPU.ActiveCfg = Debug|Any CPU
		{E57E748F-49EF-4108-B6BC-FB4B8202D061}.Debug|Any CPU.Build.0 = Debug|Any CPU
		{E57E748F-49EF-4108-B6BC-FB4B8202D061}.Release|Any CPU.ActiveCfg = Release|Any CPU
		{E57E748F-49EF-4108-B6BC-FB4B8202D061}.Release|Any CPU.Build.0 = Release|Any CPU
	EndGlobalSection
	GlobalSection(SolutionProperties) = preSolution
		HideSolutionNode = FALSE
	EndGlobalSection
EndGlobal
