// !$*UTF8*$!
{
	archiveVersion = 1;
	classes = {
	};
	objectVersion = 46;
	objects = {

/* Begin PBXBuildFile section */
		52E5051F17770F490086A51D /* UIKit.framework in Frameworks */ = {isa = PBXBuildFile; fileRef = 52E5051E17770F490086A51D /* UIKit.framework */; };
		52E5052117770F490086A51D /* Foundation.framework in Frameworks */ = {isa = PBXBuildFile; fileRef = 52E5052017770F490086A51D /* Foundation.framework */; };
		52E5052317770F490086A51D /* CoreGraphics.framework in Frameworks */ = {isa = PBXBuildFile; fileRef = 52E5052217770F490086A51D /* CoreGraphics.framework */; };
		52E5052917770F490086A51D /* InfoPlist.strings in Resources */ = {isa = PBXBuildFile; fileRef = 52E5052717770F490086A51D /* InfoPlist.strings */; };
		52E5052B17770F490086A51D /* main.m in Sources */ = {isa = PBXBuildFile; fileRef = 52E5052A17770F490086A51D /* main.m */; };
		52E5052F17770F490086A51D /* AppDelegate.m in Sources */ = {isa = PBXBuildFile; fileRef = 52E5052E17770F490086A51D /* AppDelegate.m */; };
		52E5053117770F490086A51D /* Default.png in Resources */ = {isa = PBXBuildFile; fileRef = 52E5053017770F490086A51D /* Default.png */; };
		52E5053317770F490086A51D /* Default@2x.png in Resources */ = {isa = PBXBuildFile; fileRef = 52E5053217770F490086A51D /* Default@2x.png */; };
		52E5053517770F490086A51D /* Default-568h@2x.png in Resources */ = {isa = PBXBuildFile; fileRef = 52E5053417770F490086A51D /* Default-568h@2x.png */; };
		52E5053817770F4A0086A51D /* ViewController.m in Sources */ = {isa = PBXBuildFile; fileRef = 52E5053717770F4A0086A51D /* ViewController.m */; };
		52E5053B17770F4A0086A51D /* ViewController.xib in Resources */ = {isa = PBXBuildFile; fileRef = 52E5053917770F4A0086A51D /* ViewController.xib */; };
/* End PBXBuildFile section */

/* Begin PBXFileReference section */
		52E5051B17770F490086A51D /* AnimationObjC.app */ = {isa = PBXFileReference; explicitFileType = wrapper.application; includeInIndex = 0; path = AnimationObjC.app; sourceTree = BUILT_PRODUCTS_DIR; };
		52E5051E17770F490086A51D /* UIKit.framework */ = {isa = PBXFileReference; lastKnownFileType = wrapper.framework; name = UIKit.framework; path = System/Library/Frameworks/UIKit.framework; sourceTree = SDKROOT; };
		52E5052017770F490086A51D /* Foundation.framework */ = {isa = PBXFileReference; lastKnownFileType = wrapper.framework; name = Foundation.framework; path = System/Library/Frameworks/Foundation.framework; sourceTree = SDKROOT; };
		52E5052217770F490086A51D /* CoreGraphics.framework */ = {isa = PBXFileReference; lastKnownFileType = wrapper.framework; name = CoreGraphics.framework; path = System/Library/Frameworks/CoreGraphics.framework; sourceTree = SDKROOT; };
		52E5052617770F490086A51D /* AnimationObjC-Info.plist */ = {isa = PBXFileReference; lastKnownFileType = text.plist.xml; path = "AnimationObjC-Info.plist"; sourceTree = "<group>"; };
		52E5052817770F490086A51D /* en */ = {isa = PBXFileReference; lastKnownFileType = text.plist.strings; name = en; path = en.lproj/InfoPlist.strings; sourceTree = "<group>"; };
		52E5052A17770F490086A51D /* main.m */ = {isa = PBXFileReference; lastKnownFileType = sourcecode.c.objc; path = main.m; sourceTree = "<group>"; };
		52E5052C17770F490086A51D /* AnimationObjC-Prefix.pch */ = {isa = PBXFileReference; lastKnownFileType = sourcecode.c.h; path = "AnimationObjC-Prefix.pch"; sourceTree = "<group>"; };
		52E5052D17770F490086A51D /* AppDelegate.h */ = {isa = PBXFileReference; lastKnownFileType = sourcecode.c.h; path = AppDelegate.h; sourceTree = "<group>"; };
		52E5052E17770F490086A51D /* AppDelegate.m */ = {isa = PBXFileReference; lastKnownFileType = sourcecode.c.objc; path = AppDelegate.m; sourceTree = "<group>"; };
		52E5053017770F490086A51D /* Default.png */ = {isa = PBXFileReference; lastKnownFileType = image.png; path = Default.png; sourceTree = "<group>"; };
		52E5053217770F490086A51D /* Default@2x.png */ = {isa = PBXFileReference; lastKnownFileType = image.png; path = "Default@2x.png"; sourceTree = "<group>"; };
		52E5053417770F490086A51D /* Default-568h@2x.png */ = {isa = PBXFileReference; lastKnownFileType = image.png; path = "Default-568h@2x.png"; sourceTree = "<group>"; };
		52E5053617770F490086A51D /* ViewController.h */ = {isa = PBXFileReference; lastKnownFileType = sourcecode.c.h; path = ViewController.h; sourceTree = "<group>"; };
		52E5053717770F4A0086A51D /* ViewController.m */ = {isa = PBXFileReference; lastKnownFileType = sourcecode.c.objc; path = ViewController.m; sourceTree = "<group>"; };
		52E5053A17770F4A0086A51D /* en */ = {isa = PBXFileReference; lastKnownFileType = file.xib; name = en; path = en.lproj/ViewController.xib; sourceTree = "<group>"; };
/* End PBXFileReference section */

/* Begin PBXFrameworksBuildPhase section */
		52E5051817770F490086A51D /* Frameworks */ = {
			isa = PBXFrameworksBuildPhase;
			buildActionMask = 2147483647;
			files = (
				52E5051F17770F490086A51D /* UIKit.framework in Frameworks */,
				52E5052117770F490086A51D /* Foundation.framework in Frameworks */,
				52E5052317770F490086A51D /* CoreGraphics.framework in Frameworks */,
			);
			runOnlyForDeploymentPostprocessing = 0;
		};
/* End PBXFrameworksBuildPhase section */

/* Begin PBXGroup section */
		52E5051217770F490086A51D = {
			isa = PBXGroup;
			children = (
				52E5052417770F490086A51D /* AnimationObjC */,
				52E5051D17770F490086A51D /* Frameworks */,
				52E5051C17770F490086A51D /* Products */,
			);
			sourceTree = "<group>";
		};
		52E5051C17770F490086A51D /* Products */ = {
			isa = PBXGroup;
			children = (
				52E5051B17770F490086A51D /* AnimationObjC.app */,
			);
			name = Products;
			sourceTree = "<group>";
		};
		52E5051D17770F490086A51D /* Frameworks */ = {
			isa = PBXGroup;
			children = (
				52E5051E17770F490086A51D /* UIKit.framework */,
				52E5052017770F490086A51D /* Foundation.framework */,
				52E5052217770F490086A51D /* CoreGraphics.framework */,
			);
			name = Frameworks;
			sourceTree = "<group>";
		};
		52E5052417770F490086A51D /* AnimationObjC */ = {
			isa = PBXGroup;
			children = (
				52E5052D17770F490086A51D /* AppDelegate.h */,
				52E5052E17770F490086A51D /* AppDelegate.m */,
				52E5053617770F490086A51D /* ViewController.h */,
				52E5053717770F4A0086A51D /* ViewController.m */,
				52E5053917770F4A0086A51D /* ViewController.xib */,
				52E5052517770F490086A51D /* Supporting Files */,
			);
			path = AnimationObjC;
			sourceTree = "<group>";
		};
		52E5052517770F490086A51D /* Supporting Files */ = {
			isa = PBXGroup;
			children = (
				52E5052617770F490086A51D /* AnimationObjC-Info.plist */,
				52E5052717770F490086A51D /* InfoPlist.strings */,
				52E5052A17770F490086A51D /* main.m */,
				52E5052C17770F490086A51D /* AnimationObjC-Prefix.pch */,
				52E5053017770F490086A51D /* Default.png */,
				52E5053217770F490086A51D /* Default@2x.png */,
				52E5053417770F490086A51D /* Default-568h@2x.png */,
			);
			name = "Supporting Files";
			sourceTree = "<group>";
		};
/* End PBXGroup section */

/* Begin PBXNativeTarget section */
		52E5051A17770F490086A51D /* AnimationObjC */ = {
			isa = PBXNativeTarget;
			buildConfigurationList = 52E5053E17770F4A0086A51D /* Build configuration list for PBXNativeTarget "AnimationObjC" */;
			buildPhases = (
				52E5051717770F490086A51D /* Sources */,
				52E5051817770F490086A51D /* Frameworks */,
				52E5051917770F490086A51D /* Resources */,
			);
			buildRules = (
			);
			dependencies = (
			);
			name = AnimationObjC;
			productName = AnimationObjC;
			productReference = 52E5051B17770F490086A51D /* AnimationObjC.app */;
			productType = "com.apple.product-type.application";
		};
/* End PBXNativeTarget section */

/* Begin PBXProject section */
		52E5051317770F490086A51D /* Project object */ = {
			isa = PBXProject;
			attributes = {
				LastUpgradeCheck = 0460;
				ORGANIZATIONNAME = gdeic;
			};
			buildConfigurationList = 52E5051617770F490086A51D /* Build configuration list for PBXProject "AnimationObjC" */;
			compatibilityVersion = "Xcode 3.2";
			developmentRegion = English;
			hasScannedForEncodings = 0;
			knownRegions = (
				en,
			);
			mainGroup = 52E5051217770F490086A51D;
			productRefGroup = 52E5051C17770F490086A51D /* Products */;
			projectDirPath = "";
			projectRoot = "";
			targets = (
				52E5051A17770F490086A51D /* AnimationObjC */,
			);
		};
/* End PBXProject section */

/* Begin PBXResourcesBuildPhase section */
		52E5051917770F490086A51D /* Resources */ = {
			isa = PBXResourcesBuildPhase;
			buildActionMask = 2147483647;
			files = (
				52E5052917770F490086A51D /* InfoPlist.strings in Resources */,
				52E5053117770F490086A51D /* Default.png in Resources */,
				52E5053317770F490086A51D /* Default@2x.png in Resources */,
				52E5053517770F490086A51D /* Default-568h@2x.png in Resources */,
				52E5053B17770F4A0086A51D /* ViewController.xib in Resources */,
			);
			runOnlyForDeploymentPostprocessing = 0;
		};
/* End PBXResourcesBuildPhase section */

/* Begin PBXSourcesBuildPhase section */
		52E5051717770F490086A51D /* Sources */ = {
			isa = PBXSourcesBuildPhase;
			buildActionMask = 2147483647;
			files = (
				52E5052B17770F490086A51D /* main.m in Sources */,
				52E5052F17770F490086A51D /* AppDelegate.m in Sources */,
				52E5053817770F4A0086A51D /* ViewController.m in Sources */,
			);
			runOnlyForDeploymentPostprocessing = 0;
		};
/* End PBXSourcesBuildPhase section */

/* Begin PBXVariantGroup section */
		52E5052717770F490086A51D /* InfoPlist.strings */ = {
			isa = PBXVariantGroup;
			children = (
				52E5052817770F490086A51D /* en */,
			);
			name = InfoPlist.strings;
			sourceTree = "<group>";
		};
		52E5053917770F4A0086A51D /* ViewController.xib */ = {
			isa = PBXVariantGroup;
			children = (
				52E5053A17770F4A0086A51D /* en */,
			);
			name = ViewController.xib;
			sourceTree = "<group>";
		};
/* End PBXVariantGroup section */

/* Begin XCBuildConfiguration section */
		52E5053C17770F4A0086A51D /* Debug */ = {
			isa = XCBuildConfiguration;
			buildSettings = {
				ALWAYS_SEARCH_USER_PATHS = NO;
				CLANG_CXX_LANGUAGE_STANDARD = "gnu++0x";
				CLANG_CXX_LIBRARY = "libc++";
				CLANG_WARN_CONSTANT_CONVERSION = YES;
				CLANG_WARN_EMPTY_BODY = YES;
				CLANG_WARN_ENUM_CONVERSION = YES;
				CLANG_WARN_INT_CONVERSION = YES;
				CLANG_WARN__DUPLICATE_METHOD_MATCH = YES;
				"CODE_SIGN_IDENTITY[sdk=iphoneos*]" = "iPhone Developer";
				COPY_PHASE_STRIP = NO;
				GCC_C_LANGUAGE_STANDARD = gnu99;
				GCC_DYNAMIC_NO_PIC = NO;
				GCC_OPTIMIZATION_LEVEL = 0;
				GCC_PREPROCESSOR_DEFINITIONS = (
					"DEBUG=1",
					"$(inherited)",
				);
				GCC_SYMBOLS_PRIVATE_EXTERN = NO;
				GCC_WARN_ABOUT_RETURN_TYPE = YES;
				GCC_WARN_UNINITIALIZED_AUTOS = YES;
				GCC_WARN_UNUSED_VARIABLE = YES;
				IPHONEOS_DEPLOYMENT_TARGET = 6.1;
				ONLY_ACTIVE_ARCH = YES;
				SDKROOT = iphoneos;
			};
			name = Debug;
		};
		52E5053D17770F4A0086A51D /* Release */ = {
			isa = XCBuildConfiguration;
			buildSettings = {
				ALWAYS_SEARCH_USER_PATHS = NO;
				CLANG_CXX_LANGUAGE_STANDARD = "gnu++0x";
				CLANG_CXX_LIBRARY = "libc++";
				CLANG_WARN_CONSTANT_CONVERSION = YES;
				CLANG_WARN_EMPTY_BODY = YES;
				CLANG_WARN_ENUM_CONVERSION = YES;
				CLANG_WARN_INT_CONVERSION = YES;
				CLANG_WARN__DUPLICATE_METHOD_MATCH = YES;
				"CODE_SIGN_IDENTITY[sdk=iphoneos*]" = "iPhone Developer";
				COPY_PHASE_STRIP = YES;
				GCC_C_LANGUAGE_STANDARD = gnu99;
				GCC_WARN_ABOUT_RETURN_TYPE = YES;
				GCC_WARN_UNINITIALIZED_AUTOS = YES;
				GCC_WARN_UNUSED_VARIABLE = YES;
				IPHONEOS_DEPLOYMENT_TARGET = 6.1;
				OTHER_CFLAGS = "-DNS_BLOCK_ASSERTIONS=1";
				SDKROOT = iphoneos;
				VALIDATE_PRODUCT = YES;
			};
			name = Release;
		};
		52E5053F17770F4A0086A51D /* Debug */ = {
			isa = XCBuildConfiguration;
			buildSettings = {
				GCC_PRECOMPILE_PREFIX_HEADER = YES;
				GCC_PREFIX_HEADER = "AnimationObjC/AnimationObjC-Prefix.pch";
				INFOPLIST_FILE = "AnimationObjC/AnimationObjC-Info.plist";
				PRODUCT_NAME = "$(TARGET_NAME)";
				WRAPPER_EXTENSION = app;
			};
			name = Debug;
		};
		52E5054017770F4A0086A51D /* Release */ = {
			isa = XCBuildConfiguration;
			buildSettings = {
				GCC_PRECOMPILE_PREFIX_HEADER = YES;
				GCC_PREFIX_HEADER = "AnimationObjC/AnimationObjC-Prefix.pch";
				INFOPLIST_FILE = "AnimationObjC/AnimationObjC-Info.plist";
				PRODUCT_NAME = "$(TARGET_NAME)";
				WRAPPER_EXTENSION = app;
			};
			name = Release;
		};
/* End XCBuildConfiguration section */

/* Begin XCConfigurationList section */
		52E5051617770F490086A51D /* Build configuration list for PBXProject "AnimationObjC" */ = {
			isa = XCConfigurationList;
			buildConfigurations = (
				52E5053C17770F4A0086A51D /* Debug */,
				52E5053D17770F4A0086A51D /* Release */,
			);
			defaultConfigurationIsVisible = 0;
			defaultConfigurationName = Release;
		};
		52E5053E17770F4A0086A51D /* Build configuration list for PBXNativeTarget "AnimationObjC" */ = {
			isa = XCConfigurationList;
			buildConfigurations = (
				52E5053F17770F4A0086A51D /* Debug */,
				52E5054017770F4A0086A51D /* Release */,
			);
			defaultConfigurationIsVisible = 0;
		};
/* End XCConfigurationList section */
	};
	rootObject = 52E5051317770F490086A51D /* Project object */;
}
