
Microsoft Visual Studio Solution File, Format Version 12.00
# Visual Studio 2013
VisualStudioVersion = 12.0.31101.0
MinimumVisualStudioVersion = 10.0.40219.1
Project("{FAE04EC0-301F-11D3-BF4B-00C04F79EFBC}") = "NHibernateUnitOfWork", "NHibernateUnitOfWork\NHibernateUnitOfWork.csproj", "{CEE1E5A4-1283-43B0-814C-B0B5B56069F4}"
EndProject
Project("{FAE04EC0-301F-11D3-BF4B-00C04F79EFBC}") = "NHibernateUnitOfWork.Test", "NHibernateUnitOfWork.Test\NHibernateUnitOfWork.Test.csproj", "{012E47B5-05EA-46A5-8681-FF7BEC01ED69}"
EndProject
Global
	GlobalSection(SolutionConfigurationPlatforms) = preSolution
		Debug|Any CPU = Debug|Any CPU
		Release|Any CPU = Release|Any CPU
	EndGlobalSection
	GlobalSection(ProjectConfigurationPlatforms) = postSolution
		{CEE1E5A4-1283-43B0-814C-B0B5B56069F4}.Debug|Any CPU.ActiveCfg = Debug|Any CPU
		{CEE1E5A4-1283-43B0-814C-B0B5B56069F4}.Debug|Any CPU.Build.0 = Debug|Any CPU
		{CEE1E5A4-1283-43B0-814C-B0B5B56069F4}.Release|Any CPU.ActiveCfg = Release|Any CPU
		{CEE1E5A4-1283-43B0-814C-B0B5B56069F4}.Release|Any CPU.Build.0 = Release|Any CPU
		{012E47B5-05EA-46A5-8681-FF7BEC01ED69}.Debug|Any CPU.ActiveCfg = Debug|Any CPU
		{012E47B5-05EA-46A5-8681-FF7BEC01ED69}.Debug|Any CPU.Build.0 = Debug|Any CPU
		{012E47B5-05EA-46A5-8681-FF7BEC01ED69}.Release|Any CPU.ActiveCfg = Release|Any CPU
		{012E47B5-05EA-46A5-8681-FF7BEC01ED69}.Release|Any CPU.Build.0 = Release|Any CPU
	EndGlobalSection
	GlobalSection(SolutionProperties) = preSolution
		HideSolutionNode = FALSE
	EndGlobalSection
EndGlobal
